
Microsoft Visual Studio Solution File, Format Version 12.00
# Visual Studio 15
VisualStudioVersion = 15.0.26124.0
MinimumVisualStudioVersion = 15.0.26124.0
Project("{FAE04EC0-301F-11D3-BF4B-00C04F79EFBC}") = "BecomeNinja", "BecomeNinja\BecomeNinja.csproj", "{7EDB5C1B-E9C2-4984-8DF2-B9055941DA5F}"
EndProject
Project("{FAE04EC0-301F-11D3-BF4B-00C04F79EFBC}") = "algorithm", "algorithm\algorithm.csproj", "{A62DB8D8-4A93-4881-B82A-D438CC2B84B5}"
EndProject
Project("{FAE04EC0-301F-11D3-BF4B-00C04F79EFBC}") = "ParallelProgramming", "ParallelProgramming\ParallelProgramming.csproj", "{657D8CD1-7AB1-47FC-A168-FA59B4CF2845}"
EndProject
Project("{FAE04EC0-301F-11D3-BF4B-00C04F79EFBC}") = "CSharp13", "CSharp13\CSharp13.csproj", "{1C6402B4-1571-4163-91C7-D03A498E930C}"
Project("{FAE04EC0-301F-11D3-BF4B-00C04F79EFBC}") = "Advanced", "Advanced\Advanced.csproj", "{69CE620D-823A-48AA-8C5F-FA7C6905C918}"
EndProject
Global
	GlobalSection(SolutionConfigurationPlatforms) = preSolution
		Debug|Any CPU = Debug|Any CPU
		Debug|x64 = Debug|x64
		Debug|x86 = Debug|x86
		Release|Any CPU = Release|Any CPU
		Release|x64 = Release|x64
		Release|x86 = Release|x86
	EndGlobalSection
	GlobalSection(ProjectConfigurationPlatforms) = postSolution
		{7EDB5C1B-E9C2-4984-8DF2-B9055941DA5F}.Debug|Any CPU.ActiveCfg = Debug|Any CPU
		{7EDB5C1B-E9C2-4984-8DF2-B9055941DA5F}.Debug|Any CPU.Build.0 = Debug|Any CPU
		{7EDB5C1B-E9C2-4984-8DF2-B9055941DA5F}.Debug|x64.ActiveCfg = Debug|Any CPU
		{7EDB5C1B-E9C2-4984-8DF2-B9055941DA5F}.Debug|x64.Build.0 = Debug|Any CPU
		{7EDB5C1B-E9C2-4984-8DF2-B9055941DA5F}.Debug|x86.ActiveCfg = Debug|Any CPU
		{7EDB5C1B-E9C2-4984-8DF2-B9055941DA5F}.Debug|x86.Build.0 = Debug|Any CPU
		{7EDB5C1B-E9C2-4984-8DF2-B9055941DA5F}.Release|Any CPU.ActiveCfg = Release|Any CPU
		{7EDB5C1B-E9C2-4984-8DF2-B9055941DA5F}.Release|Any CPU.Build.0 = Release|Any CPU
		{7EDB5C1B-E9C2-4984-8DF2-B9055941DA5F}.Release|x64.ActiveCfg = Release|Any CPU
		{7EDB5C1B-E9C2-4984-8DF2-B9055941DA5F}.Release|x64.Build.0 = Release|Any CPU
		{7EDB5C1B-E9C2-4984-8DF2-B9055941DA5F}.Release|x86.ActiveCfg = Release|Any CPU
		{7EDB5C1B-E9C2-4984-8DF2-B9055941DA5F}.Release|x86.Build.0 = Release|Any CPU
		{A62DB8D8-4A93-4881-B82A-D438CC2B84B5}.Debug|Any CPU.ActiveCfg = Debug|Any CPU
		{A62DB8D8-4A93-4881-B82A-D438CC2B84B5}.Debug|Any CPU.Build.0 = Debug|Any CPU
		{A62DB8D8-4A93-4881-B82A-D438CC2B84B5}.Debug|x64.ActiveCfg = Debug|Any CPU
		{A62DB8D8-4A93-4881-B82A-D438CC2B84B5}.Debug|x64.Build.0 = Debug|Any CPU
		{A62DB8D8-4A93-4881-B82A-D438CC2B84B5}.Debug|x86.ActiveCfg = Debug|Any CPU
		{A62DB8D8-4A93-4881-B82A-D438CC2B84B5}.Debug|x86.Build.0 = Debug|Any CPU
		{A62DB8D8-4A93-4881-B82A-D438CC2B84B5}.Release|Any CPU.ActiveCfg = Release|Any CPU
		{A62DB8D8-4A93-4881-B82A-D438CC2B84B5}.Release|Any CPU.Build.0 = Release|Any CPU
		{A62DB8D8-4A93-4881-B82A-D438CC2B84B5}.Release|x64.ActiveCfg = Release|Any CPU
		{A62DB8D8-4A93-4881-B82A-D438CC2B84B5}.Release|x64.Build.0 = Release|Any CPU
		{A62DB8D8-4A93-4881-B82A-D438CC2B84B5}.Release|x86.ActiveCfg = Release|Any CPU
		{A62DB8D8-4A93-4881-B82A-D438CC2B84B5}.Release|x86.Build.0 = Release|Any CPU
		{657D8CD1-7AB1-47FC-A168-FA59B4CF2845}.Debug|Any CPU.ActiveCfg = Debug|Any CPU
		{657D8CD1-7AB1-47FC-A168-FA59B4CF2845}.Debug|Any CPU.Build.0 = Debug|Any CPU
		{657D8CD1-7AB1-47FC-A168-FA59B4CF2845}.Debug|x64.ActiveCfg = Debug|Any CPU
		{657D8CD1-7AB1-47FC-A168-FA59B4CF2845}.Debug|x64.Build.0 = Debug|Any CPU
		{657D8CD1-7AB1-47FC-A168-FA59B4CF2845}.Debug|x86.ActiveCfg = Debug|Any CPU
		{657D8CD1-7AB1-47FC-A168-FA59B4CF2845}.Debug|x86.Build.0 = Debug|Any CPU
		{657D8CD1-7AB1-47FC-A168-FA59B4CF2845}.Release|Any CPU.ActiveCfg = Release|Any CPU
		{657D8CD1-7AB1-47FC-A168-FA59B4CF2845}.Release|Any CPU.Build.0 = Release|Any CPU
		{657D8CD1-7AB1-47FC-A168-FA59B4CF2845}.Release|x64.ActiveCfg = Release|Any CPU
		{657D8CD1-7AB1-47FC-A168-FA59B4CF2845}.Release|x64.Build.0 = Release|Any CPU
		{657D8CD1-7AB1-47FC-A168-FA59B4CF2845}.Release|x86.ActiveCfg = Release|Any CPU
		{657D8CD1-7AB1-47FC-A168-FA59B4CF2845}.Release|x86.Build.0 = Release|Any CPU
<<<<<<< HEAD
		{1C6402B4-1571-4163-91C7-D03A498E930C}.Debug|Any CPU.ActiveCfg = Debug|Any CPU
		{1C6402B4-1571-4163-91C7-D03A498E930C}.Debug|Any CPU.Build.0 = Debug|Any CPU
		{1C6402B4-1571-4163-91C7-D03A498E930C}.Debug|x64.ActiveCfg = Debug|Any CPU
		{1C6402B4-1571-4163-91C7-D03A498E930C}.Debug|x64.Build.0 = Debug|Any CPU
		{1C6402B4-1571-4163-91C7-D03A498E930C}.Debug|x86.ActiveCfg = Debug|Any CPU
		{1C6402B4-1571-4163-91C7-D03A498E930C}.Debug|x86.Build.0 = Debug|Any CPU
		{1C6402B4-1571-4163-91C7-D03A498E930C}.Release|Any CPU.ActiveCfg = Release|Any CPU
		{1C6402B4-1571-4163-91C7-D03A498E930C}.Release|Any CPU.Build.0 = Release|Any CPU
		{1C6402B4-1571-4163-91C7-D03A498E930C}.Release|x64.ActiveCfg = Release|Any CPU
		{1C6402B4-1571-4163-91C7-D03A498E930C}.Release|x64.Build.0 = Release|Any CPU
		{1C6402B4-1571-4163-91C7-D03A498E930C}.Release|x86.ActiveCfg = Release|Any CPU
		{1C6402B4-1571-4163-91C7-D03A498E930C}.Release|x86.Build.0 = Release|Any CPU
	EndGlobalSection
	GlobalSection(SolutionProperties) = preSolution
		HideSolutionNode = FALSE
=======
		{69CE620D-823A-48AA-8C5F-FA7C6905C918}.Debug|Any CPU.ActiveCfg = Debug|Any CPU
		{69CE620D-823A-48AA-8C5F-FA7C6905C918}.Debug|Any CPU.Build.0 = Debug|Any CPU
		{69CE620D-823A-48AA-8C5F-FA7C6905C918}.Debug|x64.ActiveCfg = Debug|Any CPU
		{69CE620D-823A-48AA-8C5F-FA7C6905C918}.Debug|x64.Build.0 = Debug|Any CPU
		{69CE620D-823A-48AA-8C5F-FA7C6905C918}.Debug|x86.ActiveCfg = Debug|Any CPU
		{69CE620D-823A-48AA-8C5F-FA7C6905C918}.Debug|x86.Build.0 = Debug|Any CPU
		{69CE620D-823A-48AA-8C5F-FA7C6905C918}.Release|Any CPU.ActiveCfg = Release|Any CPU
		{69CE620D-823A-48AA-8C5F-FA7C6905C918}.Release|Any CPU.Build.0 = Release|Any CPU
		{69CE620D-823A-48AA-8C5F-FA7C6905C918}.Release|x64.ActiveCfg = Release|Any CPU
		{69CE620D-823A-48AA-8C5F-FA7C6905C918}.Release|x64.Build.0 = Release|Any CPU
		{69CE620D-823A-48AA-8C5F-FA7C6905C918}.Release|x86.ActiveCfg = Release|Any CPU
		{69CE620D-823A-48AA-8C5F-FA7C6905C918}.Release|x86.Build.0 = Release|Any CPU
>>>>>>> a29eb51c9f5c27d36e3ab6297b564254770971a2
	EndGlobalSection
EndGlobal
